
Microsoft Visual Studio Solution File, Format Version 12.00
# Visual Studio Version 16
VisualStudioVersion = 16.0.31005.135
MinimumVisualStudioVersion = 10.0.40219.1
Project("{9A19103F-16F7-4668-BE54-9A1E7A4F7556}") = "Blog.Server", "Blog.Server\Blog.Server.csproj", "{D0CD6656-8E29-4428-B6B5-BBBE0884B072}"
EndProject
Project("{9A19103F-16F7-4668-BE54-9A1E7A4F7556}") = "Blog.Client.Shared", "Blog.Client\Blog.Client.Shared\Blog.Client.Shared.csproj", "{ABCC6867-D69F-42E7-B2F3-4090E59691B8}"
EndProject
Project("{9A19103F-16F7-4668-BE54-9A1E7A4F7556}") = "Blog.Client.Server", "Blog.Client\Blog.Client.Server\Blog.Client.Server.csproj", "{803B2D04-9EDB-4927-97CA-0EB46D9CEBFC}"
EndProject
Project("{9A19103F-16F7-4668-BE54-9A1E7A4F7556}") = "Blog.Client.Wasm", "Blog.Client\Blog.Client.Wasm\Blog.Client.Wasm.csproj", "{68AA7248-48A6-4AE0-B5B2-24BD6943C002}"
EndProject
Global
	GlobalSection(SolutionConfigurationPlatforms) = preSolution
		Debug|Any CPU = Debug|Any CPU
		Release|Any CPU = Release|Any CPU
	EndGlobalSection
	GlobalSection(ProjectConfigurationPlatforms) = postSolution
		{D0CD6656-8E29-4428-B6B5-BBBE0884B072}.Debug|Any CPU.ActiveCfg = Debug|Any CPU
		{D0CD6656-8E29-4428-B6B5-BBBE0884B072}.Debug|Any CPU.Build.0 = Debug|Any CPU
		{D0CD6656-8E29-4428-B6B5-BBBE0884B072}.Release|Any CPU.ActiveCfg = Release|Any CPU
		{D0CD6656-8E29-4428-B6B5-BBBE0884B072}.Release|Any CPU.Build.0 = Release|Any CPU
		{ABCC6867-D69F-42E7-B2F3-4090E59691B8}.Debug|Any CPU.ActiveCfg = Debug|Any CPU
		{ABCC6867-D69F-42E7-B2F3-4090E59691B8}.Debug|Any CPU.Build.0 = Debug|Any CPU
		{ABCC6867-D69F-42E7-B2F3-4090E59691B8}.Release|Any CPU.ActiveCfg = Release|Any CPU
		{ABCC6867-D69F-42E7-B2F3-4090E59691B8}.Release|Any CPU.Build.0 = Release|Any CPU
		{803B2D04-9EDB-4927-97CA-0EB46D9CEBFC}.Debug|Any CPU.ActiveCfg = Debug|Any CPU
		{803B2D04-9EDB-4927-97CA-0EB46D9CEBFC}.Debug|Any CPU.Build.0 = Debug|Any CPU
		{803B2D04-9EDB-4927-97CA-0EB46D9CEBFC}.Release|Any CPU.ActiveCfg = Release|Any CPU
		{803B2D04-9EDB-4927-97CA-0EB46D9CEBFC}.Release|Any CPU.Build.0 = Release|Any CPU
		{68AA7248-48A6-4AE0-B5B2-24BD6943C002}.Debug|Any CPU.ActiveCfg = Debug|Any CPU
		{68AA7248-48A6-4AE0-B5B2-24BD6943C002}.Debug|Any CPU.Build.0 = Debug|Any CPU
		{68AA7248-48A6-4AE0-B5B2-24BD6943C002}.Release|Any CPU.ActiveCfg = Release|Any CPU
		{68AA7248-48A6-4AE0-B5B2-24BD6943C002}.Release|Any CPU.Build.0 = Release|Any CPU
	EndGlobalSection
	GlobalSection(SolutionProperties) = preSolution
		HideSolutionNode = FALSE
	EndGlobalSection
	GlobalSection(ExtensibilityGlobals) = postSolution
		SolutionGuid = {0711C244-39C5-481F-9D35-C55CB0923B6B}
	EndGlobalSection
EndGlobal
